
Microsoft Visual Studio Solution File, Format Version 12.00
# Visual Studio 15
VisualStudioVersion = 15.0.27703.2000
MinimumVisualStudioVersion = 10.0.40219.1
Project("{FAE04EC0-301F-11D3-BF4B-00C04F79EFBC}") = "BasisOpdracht", "BasisOpdracht\BasisOpdracht.csproj", "{E1170D4E-923E-4BE2-BE65-E88BF69D1E4B}"
EndProject
Global
	GlobalSection(SolutionConfigurationPlatforms) = preSolution
		Debug|Any CPU = Debug|Any CPU
		Release|Any CPU = Release|Any CPU
	EndGlobalSection
	GlobalSection(ProjectConfigurationPlatforms) = postSolution
		{E1170D4E-923E-4BE2-BE65-E88BF69D1E4B}.Debug|Any CPU.ActiveCfg = Debug|Any CPU
		{E1170D4E-923E-4BE2-BE65-E88BF69D1E4B}.Debug|Any CPU.Build.0 = Debug|Any CPU
		{E1170D4E-923E-4BE2-BE65-E88BF69D1E4B}.Release|Any CPU.ActiveCfg = Release|Any CPU
		{E1170D4E-923E-4BE2-BE65-E88BF69D1E4B}.Release|Any CPU.Build.0 = Release|Any CPU
	EndGlobalSection
	GlobalSection(SolutionProperties) = preSolution
		HideSolutionNode = FALSE
	EndGlobalSection
	GlobalSection(ExtensibilityGlobals) = postSolution
		SolutionGuid = {48952A6E-0903-45C9-8968-79AEA49336BF}
	EndGlobalSection
EndGlobal
